{
  "requires": true,
  "lockfileVersion": 1,
  "dependencies": {
    "@figma/plugin-typings": {
      "version": "1.18.1",
      "resolved": "https://registry.npmjs.org/@figma/plugin-typings/-/plugin-typings-1.18.1.tgz",
      "integrity": "sha512-svwo82rQX251ElV7A0bnEVfYrKpmGJ17jaHgYH2pIAC3RrkNY8Jrbl3EAOmHBe1k8UdPlOHFhie2daEvlN4C9Q==",
      "dev": true
    }
  }
}
